
Microsoft Visual Studio Solution File, Format Version 12.00
# Visual Studio Version 17
VisualStudioVersion = 17.6.33723.286
MinimumVisualStudioVersion = 10.0.40219.1
Project("{9A19103F-16F7-4668-BE54-9A1E7A4F7556}") = "REM_BFF_V1", "REM_BFF_V1.csproj", "{FD749205-81FF-433C-A4B0-BA078A45EF4B}"
EndProject
Project("{9A19103F-16F7-4668-BE54-9A1E7A4F7556}") = "REM_BFF_V1.Application", "Application\REM_BFF_V1.Application.csproj", "{0C4DC02A-C858-4701-AD07-8261A3DDF5F1}"
EndProject
Project("{FAE04EC0-301F-11D3-BF4B-00C04F79EFBC}") = "REM_BFF_V1.Infra", "..\REM_BFF_V1.Infra\REM_BFF_V1.Infra.csproj", "{968FA998-FE9C-4260-93E5-498803E9A929}"
EndProject
Global
	GlobalSection(SolutionConfigurationPlatforms) = preSolution
		Debug|Any CPU = Debug|Any CPU
		Release|Any CPU = Release|Any CPU
	EndGlobalSection
	GlobalSection(ProjectConfigurationPlatforms) = postSolution
		{FD749205-81FF-433C-A4B0-BA078A45EF4B}.Debug|Any CPU.ActiveCfg = Debug|Any CPU
		{FD749205-81FF-433C-A4B0-BA078A45EF4B}.Debug|Any CPU.Build.0 = Debug|Any CPU
		{FD749205-81FF-433C-A4B0-BA078A45EF4B}.Release|Any CPU.ActiveCfg = Release|Any CPU
		{FD749205-81FF-433C-A4B0-BA078A45EF4B}.Release|Any CPU.Build.0 = Release|Any CPU
		{0C4DC02A-C858-4701-AD07-8261A3DDF5F1}.Debug|Any CPU.ActiveCfg = Debug|Any CPU
		{0C4DC02A-C858-4701-AD07-8261A3DDF5F1}.Debug|Any CPU.Build.0 = Debug|Any CPU
		{0C4DC02A-C858-4701-AD07-8261A3DDF5F1}.Release|Any CPU.ActiveCfg = Release|Any CPU
		{0C4DC02A-C858-4701-AD07-8261A3DDF5F1}.Release|Any CPU.Build.0 = Release|Any CPU
		{968FA998-FE9C-4260-93E5-498803E9A929}.Debug|Any CPU.ActiveCfg = Debug|Any CPU
		{968FA998-FE9C-4260-93E5-498803E9A929}.Debug|Any CPU.Build.0 = Debug|Any CPU
		{968FA998-FE9C-4260-93E5-498803E9A929}.Release|Any CPU.ActiveCfg = Release|Any CPU
		{968FA998-FE9C-4260-93E5-498803E9A929}.Release|Any CPU.Build.0 = Release|Any CPU
	EndGlobalSection
	GlobalSection(SolutionProperties) = preSolution
		HideSolutionNode = FALSE
	EndGlobalSection
	GlobalSection(ExtensibilityGlobals) = postSolution
		SolutionGuid = {4A920974-6B4B-4AEB-99A5-E3D1594BBBDC}
	EndGlobalSection
EndGlobal
